
Microsoft Visual Studio Solution File, Format Version 12.00
# Visual Studio 15
VisualStudioVersion = 15.0.27428.2027
MinimumVisualStudioVersion = 10.0.40219.1
Project("{FAE04EC0-301F-11D3-BF4B-00C04F79EFBC}") = "Business", "Business\Business.csproj", "{A6ED6474-4FB1-46C2-9958-4AABA844EECF}"
EndProject
Project("{FAE04EC0-301F-11D3-BF4B-00C04F79EFBC}") = "Data", "Data\Data.csproj", "{9915D403-2B4A-4C32-A8D6-F551A05486BD}"
EndProject
Project("{FAE04EC0-301F-11D3-BF4B-00C04F79EFBC}") = "Entities", "Entities\Entities.csproj", "{3EF64F3F-9B59-4574-8505-1772673D275F}"
EndProject
Project("{FAE04EC0-301F-11D3-BF4B-00C04F79EFBC}") = "View", "View\View.csproj", "{EC74AA38-E86C-406C-8B2E-3F546F2B211A}"
EndProject
Global
	GlobalSection(SolutionConfigurationPlatforms) = preSolution
		Debug|Any CPU = Debug|Any CPU
		Release|Any CPU = Release|Any CPU
	EndGlobalSection
	GlobalSection(ProjectConfigurationPlatforms) = postSolution
		{A6ED6474-4FB1-46C2-9958-4AABA844EECF}.Debug|Any CPU.ActiveCfg = Debug|Any CPU
		{A6ED6474-4FB1-46C2-9958-4AABA844EECF}.Debug|Any CPU.Build.0 = Debug|Any CPU
		{A6ED6474-4FB1-46C2-9958-4AABA844EECF}.Release|Any CPU.ActiveCfg = Release|Any CPU
		{A6ED6474-4FB1-46C2-9958-4AABA844EECF}.Release|Any CPU.Build.0 = Release|Any CPU
		{9915D403-2B4A-4C32-A8D6-F551A05486BD}.Debug|Any CPU.ActiveCfg = Debug|Any CPU
		{9915D403-2B4A-4C32-A8D6-F551A05486BD}.Debug|Any CPU.Build.0 = Debug|Any CPU
		{9915D403-2B4A-4C32-A8D6-F551A05486BD}.Release|Any CPU.ActiveCfg = Release|Any CPU
		{9915D403-2B4A-4C32-A8D6-F551A05486BD}.Release|Any CPU.Build.0 = Release|Any CPU
		{3EF64F3F-9B59-4574-8505-1772673D275F}.Debug|Any CPU.ActiveCfg = Debug|Any CPU
		{3EF64F3F-9B59-4574-8505-1772673D275F}.Debug|Any CPU.Build.0 = Debug|Any CPU
		{3EF64F3F-9B59-4574-8505-1772673D275F}.Release|Any CPU.ActiveCfg = Release|Any CPU
		{3EF64F3F-9B59-4574-8505-1772673D275F}.Release|Any CPU.Build.0 = Release|Any CPU
		{EC74AA38-E86C-406C-8B2E-3F546F2B211A}.Debug|Any CPU.ActiveCfg = Debug|Any CPU
		{EC74AA38-E86C-406C-8B2E-3F546F2B211A}.Debug|Any CPU.Build.0 = Debug|Any CPU
		{EC74AA38-E86C-406C-8B2E-3F546F2B211A}.Release|Any CPU.ActiveCfg = Release|Any CPU
		{EC74AA38-E86C-406C-8B2E-3F546F2B211A}.Release|Any CPU.Build.0 = Release|Any CPU
	EndGlobalSection
	GlobalSection(SolutionProperties) = preSolution
		HideSolutionNode = FALSE
	EndGlobalSection
	GlobalSection(ExtensibilityGlobals) = postSolution
		SolutionGuid = {4A86B130-7F12-4621-BE33-CDFAD02AB4CF}
	EndGlobalSection
EndGlobal
